
Microsoft Visual Studio Solution File, Format Version 12.00
# Visual Studio 15
VisualStudioVersion = 15.0.28010.2026
MinimumVisualStudioVersion = 10.0.40219.1
Project("{FAE04EC0-301F-11D3-BF4B-00C04F79EFBC}") = "Client", "Client\Client.csproj", "{0F03D4BA-5A7A-409A-9706-52468BD598E6}"
EndProject
Global
	GlobalSection(SolutionConfigurationPlatforms) = preSolution
		Debug|Any CPU = Debug|Any CPU
		Release|Any CPU = Release|Any CPU
	EndGlobalSection
	GlobalSection(ProjectConfigurationPlatforms) = postSolution
		{0F03D4BA-5A7A-409A-9706-52468BD598E6}.Debug|Any CPU.ActiveCfg = Debug|Any CPU
		{0F03D4BA-5A7A-409A-9706-52468BD598E6}.Debug|Any CPU.Build.0 = Debug|Any CPU
		{0F03D4BA-5A7A-409A-9706-52468BD598E6}.Release|Any CPU.ActiveCfg = Release|Any CPU
		{0F03D4BA-5A7A-409A-9706-52468BD598E6}.Release|Any CPU.Build.0 = Release|Any CPU
	EndGlobalSection
	GlobalSection(SolutionProperties) = preSolution
		HideSolutionNode = FALSE
	EndGlobalSection
	GlobalSection(ExtensibilityGlobals) = postSolution
		SolutionGuid = {AA7DC7F0-B541-488A-9C7C-65E89CDB67B5}
	EndGlobalSection
EndGlobal
